// !$*UTF8*$!
{
	archiveVersion = 1;
	classes = {
	};
	objectVersion = 46;
	objects = {

/* Begin PBXBuildFile section */
		41DDD8A11F63808B00FD8BD6 /* AppDelegate.swift in Sources */ = {isa = PBXBuildFile; fileRef = 41DDD8A01F63808B00FD8BD6 /* AppDelegate.swift */; };
		41DDD8A31F63808B00FD8BD6 /* ViewController.swift in Sources */ = {isa = PBXBuildFile; fileRef = 41DDD8A21F63808B00FD8BD6 /* ViewController.swift */; };
		41DDD8A61F63808B00FD8BD6 /* Main.storyboard in Resources */ = {isa = PBXBuildFile; fileRef = 41DDD8A41F63808B00FD8BD6 /* Main.storyboard */; };
		41DDD8A81F63808B00FD8BD6 /* Assets.xcassets in Resources */ = {isa = PBXBuildFile; fileRef = 41DDD8A71F63808B00FD8BD6 /* Assets.xcassets */; };
		41DDD8AB1F63808B00FD8BD6 /* LaunchScreen.storyboard in Resources */ = {isa = PBXBuildFile; fileRef = 41DDD8A91F63808B00FD8BD6 /* LaunchScreen.storyboard */; };
		41DDD8B31F63819C00FD8BD6 /* UIView+GlowBackground.swift in Sources */ = {isa = PBXBuildFile; fileRef = 41DDD8B21F63819C00FD8BD6 /* UIView+GlowBackground.swift */; };
/* End PBXBuildFile section */

/* Begin PBXFileReference section */
		41DDD89D1F63808B00FD8BD6 /* GlowBackgroundView.app */ = {isa = PBXFileReference; explicitFileType = wrapper.application; includeInIndex = 0; path = GlowBackgroundView.app; sourceTree = BUILT_PRODUCTS_DIR; };
		41DDD8A01F63808B00FD8BD6 /* AppDelegate.swift */ = {isa = PBXFileReference; lastKnownFileType = sourcecode.swift; path = AppDelegate.swift; sourceTree = "<group>"; };
		41DDD8A21F63808B00FD8BD6 /* ViewController.swift */ = {isa = PBXFileReference; lastKnownFileType = sourcecode.swift; path = ViewController.swift; sourceTree = "<group>"; };
		41DDD8A51F63808B00FD8BD6 /* Base */ = {isa = PBXFileReference; lastKnownFileType = file.storyboard; name = Base; path = Base.lproj/Main.storyboard; sourceTree = "<group>"; };
		41DDD8A71F63808B00FD8BD6 /* Assets.xcassets */ = {isa = PBXFileReference; lastKnownFileType = folder.assetcatalog; path = Assets.xcassets; sourceTree = "<group>"; };
		41DDD8AA1F63808B00FD8BD6 /* Base */ = {isa = PBXFileReference; lastKnownFileType = file.storyboard; name = Base; path = Base.lproj/LaunchScreen.storyboard; sourceTree = "<group>"; };
		41DDD8AC1F63808B00FD8BD6 /* Info.plist */ = {isa = PBXFileReference; lastKnownFileType = text.plist.xml; path = Info.plist; sourceTree = "<group>"; };
		41DDD8B21F63819C00FD8BD6 /* UIView+GlowBackground.swift */ = {isa = PBXFileReference; fileEncoding = 4; lastKnownFileType = sourcecode.swift; path = "UIView+GlowBackground.swift"; sourceTree = "<group>"; };
/* End PBXFileReference section */

/* Begin PBXFrameworksBuildPhase section */
		41DDD89A1F63808B00FD8BD6 /* Frameworks */ = {
			isa = PBXFrameworksBuildPhase;
			buildActionMask = 2147483647;
			files = (
			);
			runOnlyForDeploymentPostprocessing = 0;
		};
/* End PBXFrameworksBuildPhase section */

/* Begin PBXGroup section */
		41DDD8941F63808B00FD8BD6 = {
			isa = PBXGroup;
			children = (
				41DDD89F1F63808B00FD8BD6 /* GlowBackgroundView */,
				41DDD89E1F63808B00FD8BD6 /* Products */,
			);
			sourceTree = "<group>";
		};
		41DDD89E1F63808B00FD8BD6 /* Products */ = {
			isa = PBXGroup;
			children = (
				41DDD89D1F63808B00FD8BD6 /* GlowBackgroundView.app */,
			);
			name = Products;
			sourceTree = "<group>";
		};
		41DDD89F1F63808B00FD8BD6 /* GlowBackgroundView */ = {
			isa = PBXGroup;
			children = (
				41DDD8A01F63808B00FD8BD6 /* AppDelegate.swift */,
				41DDD8A21F63808B00FD8BD6 /* ViewController.swift */,
				41DDD8A41F63808B00FD8BD6 /* Main.storyboard */,
				41DDD8A71F63808B00FD8BD6 /* Assets.xcassets */,
				41DDD8A91F63808B00FD8BD6 /* LaunchScreen.storyboard */,
				41DDD8AC1F63808B00FD8BD6 /* Info.plist */,
				41DDD8B21F63819C00FD8BD6 /* UIView+GlowBackground.swift */,
			);
			path = GlowBackgroundView;
			sourceTree = "<group>";
		};
/* End PBXGroup section */

/* Begin PBXNativeTarget section */
		41DDD89C1F63808B00FD8BD6 /* GlowBackgroundView */ = {
			isa = PBXNativeTarget;
			buildConfigurationList = 41DDD8AF1F63808B00FD8BD6 /* Build configuration list for PBXNativeTarget "GlowBackgroundView" */;
			buildPhases = (
				41DDD8991F63808B00FD8BD6 /* Sources */,
				41DDD89A1F63808B00FD8BD6 /* Frameworks */,
				41DDD89B1F63808B00FD8BD6 /* Resources */,
			);
			buildRules = (
			);
			dependencies = (
			);
			name = GlowBackgroundView;
			productName = GlowBackgroundView;
			productReference = 41DDD89D1F63808B00FD8BD6 /* GlowBackgroundView.app */;
			productType = "com.apple.product-type.application";
		};
/* End PBXNativeTarget section */

/* Begin PBXProject section */
		41DDD8951F63808B00FD8BD6 /* Project object */ = {
			isa = PBXProject;
			attributes = {
				LastSwiftUpdateCheck = 0830;
				LastUpgradeCheck = 0830;
				ORGANIZATIONNAME = Qeeptouch;
				TargetAttributes = {
					41DDD89C1F63808B00FD8BD6 = {
						CreatedOnToolsVersion = 8.3.3;
						DevelopmentTeam = 3FTHS39QAD;
						ProvisioningStyle = Automatic;
					};
				};
			};
			buildConfigurationList = 41DDD8981F63808B00FD8BD6 /* Build configuration list for PBXProject "GlowBackgroundView" */;
			compatibilityVersion = "Xcode 3.2";
			developmentRegion = English;
			hasScannedForEncodings = 0;
			knownRegions = (
				en,
				Base,
			);
			mainGroup = 41DDD8941F63808B00FD8BD6;
			productRefGroup = 41DDD89E1F63808B00FD8BD6 /* Products */;
			projectDirPath = "";
			projectRoot = "";
			targets = (
				41DDD89C1F63808B00FD8BD6 /* GlowBackgroundView */,
			);
		};
/* End PBXProject section */

/* Begin PBXResourcesBuildPhase section */
		41DDD89B1F63808B00FD8BD6 /* Resources */ = {
			isa = PBXResourcesBuildPhase;
			buildActionMask = 2147483647;
			files = (
				41DDD8AB1F63808B00FD8BD6 /* LaunchScreen.storyboard in Resources */,
				41DDD8A81F63808B00FD8BD6 /* Assets.xcassets in Resources */,
				41DDD8A61F63808B00FD8BD6 /* Main.storyboard in Resources */,
			);
			runOnlyForDeploymentPostprocessing = 0;
		};
/* End PBXResourcesBuildPhase section */

/* Begin PBXSourcesBuildPhase section */
		41DDD8991F63808B00FD8BD6 /* Sources */ = {
			isa = PBXSourcesBuildPhase;
			buildActionMask = 2147483647;
			files = (
				41DDD8A31F63808B00FD8BD6 /* ViewController.swift in Sources */,
				41DDD8A11F63808B00FD8BD6 /* AppDelegate.swift in Sources */,
				41DDD8B31F63819C00FD8BD6 /* UIView+GlowBackground.swift in Sources */,
			);
			runOnlyForDeploymentPostprocessing = 0;
		};
/* End PBXSourcesBuildPhase section */

/* Begin PBXVariantGroup section */
		41DDD8A41F63808B00FD8BD6 /* Main.storyboard */ = {
			isa = PBXVariantGroup;
			children = (
				41DDD8A51F63808B00FD8BD6 /* Base */,
			);
			name = Main.storyboard;
			sourceTree = "<group>";
		};
		41DDD8A91F63808B00FD8BD6 /* LaunchScreen.storyboard */ = {
			isa = PBXVariantGroup;
			children = (
				41DDD8AA1F63808B00FD8BD6 /* Base */,
			);
			name = LaunchScreen.storyboard;
			sourceTree = "<group>";
		};
/* End PBXVariantGroup section */

/* Begin XCBuildConfiguration section */
		41DDD8AD1F63808B00FD8BD6 /* Debug */ = {
			isa = XCBuildConfiguration;
			buildSettings = {
				ALWAYS_SEARCH_USER_PATHS = NO;
				CLANG_ANALYZER_NONNULL = YES;
				CLANG_ANALYZER_NUMBER_OBJECT_CONVERSION = YES_AGGRESSIVE;
				CLANG_CXX_LANGUAGE_STANDARD = "gnu++0x";
				CLANG_CXX_LIBRARY = "libc++";
				CLANG_ENABLE_MODULES = YES;
				CLANG_ENABLE_OBJC_ARC = YES;
				CLANG_WARN_BOOL_CONVERSION = YES;
				CLANG_WARN_CONSTANT_CONVERSION = YES;
				CLANG_WARN_DIRECT_OBJC_ISA_USAGE = YES_ERROR;
				CLANG_WARN_DOCUMENTATION_COMMENTS = YES;
				CLANG_WARN_EMPTY_BODY = YES;
				CLANG_WARN_ENUM_CONVERSION = YES;
				CLANG_WARN_INFINITE_RECURSION = YES;
				CLANG_WARN_INT_CONVERSION = YES;
				CLANG_WARN_OBJC_ROOT_CLASS = YES_ERROR;
				CLANG_WARN_SUSPICIOUS_MOVE = YES;
				CLANG_WARN_UNREACHABLE_CODE = YES;
				CLANG_WARN__DUPLICATE_METHOD_MATCH = YES;
				"CODE_SIGN_IDENTITY[sdk=iphoneos*]" = "iPhone Developer";
				COPY_PHASE_STRIP = NO;
				DEBUG_INFORMATION_FORMAT = dwarf;
				ENABLE_STRICT_OBJC_MSGSEND = YES;
				ENABLE_TESTABILITY = YES;
				GCC_C_LANGUAGE_STANDARD = gnu99;
				GCC_DYNAMIC_NO_PIC = NO;
				GCC_NO_COMMON_BLOCKS = YES;
				GCC_OPTIMIZATION_LEVEL = 0;
				GCC_PREPROCESSOR_DEFINITIONS = (
					"DEBUG=1",
					"$(inherited)",
				);
				GCC_WARN_64_TO_32_BIT_CONVERSION = YES;
				GCC_WARN_ABOUT_RETURN_TYPE = YES_ERROR;
				GCC_WARN_UNDECLARED_SELECTOR = YES;
				GCC_WARN_UNINITIALIZED_AUTOS = YES_AGGRESSIVE;
				GCC_WARN_UNUSED_FUNCTION = YES;
				GCC_WARN_UNUSED_VARIABLE = YES;
				IPHONEOS_DEPLOYMENT_TARGET = 10.3;
				MTL_ENABLE_DEBUG_INFO = YES;
				ONLY_ACTIVE_ARCH = YES;
				SDKROOT = iphoneos;
				SWIFT_ACTIVE_COMPILATION_CONDITIONS = DEBUG;
				SWIFT_OPTIMIZATION_LEVEL = "-Onone";
				TARGETED_DEVICE_FAMILY = "1,2";
			};
			name = Debug;
		};
		41DDD8AE1F63808B00FD8BD6 /* Release */ = {
			isa = XCBuildConfiguration;
			buildSettings = {
				ALWAYS_SEARCH_USER_PATHS = NO;
				CLANG_ANALYZER_NONNULL = YES;
				CLANG_ANALYZER_NUMBER_OBJECT_CONVERSION = YES_AGGRESSIVE;
				CLANG_CXX_LANGUAGE_STANDARD = "gnu++0x";
				CLANG_CXX_LIBRARY = "libc++";
				CLANG_ENABLE_MODULES = YES;
				CLANG_ENABLE_OBJC_ARC = YES;
				CLANG_WARN_BOOL_CONVERSION = YES;
				CLANG_WARN_CONSTANT_CONVERSION = YES;
				CLANG_WARN_DIRECT_OBJC_ISA_USAGE = YES_ERROR;
				CLANG_WARN_DOCUMENTATION_COMMENTS = YES;
				CLANG_WARN_EMPTY_BODY = YES;
				CLANG_WARN_ENUM_CONVERSION = YES;
				CLANG_WARN_INFINITE_RECURSION = YES;
				CLANG_WARN_INT_CONVERSION = YES;
				CLANG_WARN_OBJC_ROOT_CLASS = YES_ERROR;
				CLANG_WARN_SUSPICIOUS_MOVE = YES;
				CLANG_WARN_UNREACHABLE_CODE = YES;
				CLANG_WARN__DUPLICATE_METHOD_MATCH = YES;
				"CODE_SIGN_IDENTITY[sdk=iphoneos*]" = "iPhone Developer";
				COPY_PHASE_STRIP = NO;
				DEBUG_INFORMATION_FORMAT = "dwarf-with-dsym";
				ENABLE_NS_ASSERTIONS = NO;
				ENABLE_STRICT_OBJC_MSGSEND = YES;
				GCC_C_LANGUAGE_STANDARD = gnu99;
				GCC_NO_COMMON_BLOCKS = YES;
				GCC_WARN_64_TO_32_BIT_CONVERSION = YES;
				GCC_WARN_ABOUT_RETURN_TYPE = YES_ERROR;
				GCC_WARN_UNDECLARED_SELECTOR = YES;
				GCC_WARN_UNINITIALIZED_AUTOS = YES_AGGRESSIVE;
				GCC_WARN_UNUSED_FUNCTION = YES;
				GCC_WARN_UNUSED_VARIABLE = YES;
				IPHONEOS_DEPLOYMENT_TARGET = 10.3;
				MTL_ENABLE_DEBUG_INFO = NO;
				SDKROOT = iphoneos;
				SWIFT_OPTIMIZATION_LEVEL = "-Owholemodule";
				TARGETED_DEVICE_FAMILY = "1,2";
				VALIDATE_PRODUCT = YES;
			};
			name = Release;
		};
		41DDD8B01F63808B00FD8BD6 /* Debug */ = {
			isa = XCBuildConfiguration;
			buildSettings = {
				ASSETCATALOG_COMPILER_APPICON_NAME = AppIcon;
				DEVELOPMENT_TEAM = 3FTHS39QAD;
				INFOPLIST_FILE = GlowBackgroundView/Info.plist;
				LD_RUNPATH_SEARCH_PATHS = "$(inherited) @executable_path/Frameworks";
				PRODUCT_BUNDLE_IDENTIFIER = com.qeeptouch.GlowBackgroundView;
				PRODUCT_NAME = "$(TARGET_NAME)";
				SWIFT_VERSION = 3.0;
			};
			name = Debug;
		};
		41DDD8B11F63808B00FD8BD6 /* Release */ = {
			isa = XCBuildConfiguration;
			buildSettings = {
				ASSETCATALOG_COMPILER_APPICON_NAME = AppIcon;
				DEVELOPMENT_TEAM = 3FTHS39QAD;
				INFOPLIST_FILE = GlowBackgroundView/Info.plist;
				LD_RUNPATH_SEARCH_PATHS = "$(inherited) @executable_path/Frameworks";
				PRODUCT_BUNDLE_IDENTIFIER = com.qeeptouch.GlowBackgroundView;
				PRODUCT_NAME = "$(TARGET_NAME)";
				SWIFT_VERSION = 3.0;
			};
			name = Release;
		};
/* End XCBuildConfiguration section */

/* Begin XCConfigurationList section */
		41DDD8981F63808B00FD8BD6 /* Build configuration list for PBXProject "GlowBackgroundView" */ = {
			isa = XCConfigurationList;
			buildConfigurations = (
				41DDD8AD1F63808B00FD8BD6 /* Debug */,
				41DDD8AE1F63808B00FD8BD6 /* Release */,
			);
			defaultConfigurationIsVisible = 0;
			defaultConfigurationName = Release;
		};
		41DDD8AF1F63808B00FD8BD6 /* Build configuration list for PBXNativeTarget "GlowBackgroundView" */ = {
			isa = XCConfigurationList;
			buildConfigurations = (
				41DDD8B01F63808B00FD8BD6 /* Debug */,
				41DDD8B11F63808B00FD8BD6 /* Release */,
			);
			defaultConfigurationIsVisible = 0;
		};
/* End XCConfigurationList section */
	};
	rootObject = 41DDD8951F63808B00FD8BD6 /* Project object */;
}
